%{"amnesia": {:git, "git://github.com/meh/amnesia.git", "07a30a73ce71e03e56daa7a2855161d81ba20c48", []},
  "continuum": {:git, "git://github.com/meh/continuum.git", "4125f9d428971568f16da78cec24fddce18d6eca", []},
  "cowboy": {:package, "1.0.0"},
  "cowlib": {:package, "1.0.0"},
  "decimal": {:package, "0.2.5"},
  "ecto": {:package, "0.2.5"},
  "exquisite": {:package, "0.1.4"},
  "hackney": {:package, "0.13.1"},
  "httpoison": {:package, "0.4.2"},
  "idna": {:package, "1.0.1"},
  "jiffy": {:git, "git://github.com/davisp/jiffy.git", "b6afb1414e10edd5c579bf4affbde0e5b7d85737", []},
  "jsex": {:package, "2.0.0"},
  "jsx": {:package, "2.1.1"},
  "plug": {:package, "0.8.0"},
  "poolboy": {:package, "1.2.1"},
  "postgrex": {:package, "0.6.0"},
  "ranch": {:package, "1.0.0"},
  "timex": {:package, "0.12.7"}}
